
Microsoft Visual Studio Solution File, Format Version 12.00
# Visual Studio Version 16
VisualStudioVersion = 16.0.30309.148
MinimumVisualStudioVersion = 10.0.40219.1
Project("{F184B08F-C81C-45F6-A57F-5ABD9991F28F}") = "DarkorbitBot", "DarkorbitBot\DarkorbitBot.vbproj", "{ADD34C12-8E64-4E94-B443-6AB1459ED49A}"
EndProject
Global
	GlobalSection(SolutionConfigurationPlatforms) = preSolution
		Debug|Any CPU = Debug|Any CPU
		Release|Any CPU = Release|Any CPU
		v1.0.0.1|Any CPU = v1.0.0.1|Any CPU
		v1.0.0.2|Any CPU = v1.0.0.2|Any CPU
		v1.3|Any CPU = v1.3|Any CPU
		v1.4|Any CPU = v1.4|Any CPU
		v1.5|Any CPU = v1.5|Any CPU
	EndGlobalSection
	GlobalSection(ProjectConfigurationPlatforms) = postSolution
		{ADD34C12-8E64-4E94-B443-6AB1459ED49A}.Debug|Any CPU.ActiveCfg = Debug|Any CPU
		{ADD34C12-8E64-4E94-B443-6AB1459ED49A}.Debug|Any CPU.Build.0 = Debug|Any CPU
		{ADD34C12-8E64-4E94-B443-6AB1459ED49A}.Release|Any CPU.ActiveCfg = Release|Any CPU
		{ADD34C12-8E64-4E94-B443-6AB1459ED49A}.Release|Any CPU.Build.0 = Release|Any CPU
		{ADD34C12-8E64-4E94-B443-6AB1459ED49A}.v1.0.0.1|Any CPU.ActiveCfg = v1.0.0.1|Any CPU
		{ADD34C12-8E64-4E94-B443-6AB1459ED49A}.v1.0.0.1|Any CPU.Build.0 = v1.0.0.1|Any CPU
		{ADD34C12-8E64-4E94-B443-6AB1459ED49A}.v1.0.0.2|Any CPU.ActiveCfg = v1.0.0.2|Any CPU
		{ADD34C12-8E64-4E94-B443-6AB1459ED49A}.v1.0.0.2|Any CPU.Build.0 = v1.0.0.2|Any CPU
		{ADD34C12-8E64-4E94-B443-6AB1459ED49A}.v1.3|Any CPU.ActiveCfg = v1.3|Any CPU
		{ADD34C12-8E64-4E94-B443-6AB1459ED49A}.v1.3|Any CPU.Build.0 = v1.3|Any CPU
		{ADD34C12-8E64-4E94-B443-6AB1459ED49A}.v1.4|Any CPU.ActiveCfg = v1.4|Any CPU
		{ADD34C12-8E64-4E94-B443-6AB1459ED49A}.v1.4|Any CPU.Build.0 = v1.4|Any CPU
		{ADD34C12-8E64-4E94-B443-6AB1459ED49A}.v1.5|Any CPU.ActiveCfg = v1.5|Any CPU
		{ADD34C12-8E64-4E94-B443-6AB1459ED49A}.v1.5|Any CPU.Build.0 = v1.5|Any CPU
	EndGlobalSection
	GlobalSection(SolutionProperties) = preSolution
		HideSolutionNode = FALSE
	EndGlobalSection
	GlobalSection(ExtensibilityGlobals) = postSolution
		SolutionGuid = {894FB9E9-51FC-453D-B769-072FB5E11FBE}
	EndGlobalSection
EndGlobal
