
Microsoft Visual Studio Solution File, Format Version 12.00
# Visual Studio Version 16
VisualStudioVersion = 16.0.30309.148
MinimumVisualStudioVersion = 10.0.40219.1
Project("{F184B08F-C81C-45F6-A57F-5ABD9991F28F}") = "DarkorbitBot", "DarkorbitBot\DarkorbitBot.vbproj", "{ADD34C12-8E64-4E94-B443-6AB1459ED49A}"
EndProject
Project("{2150E333-8FDC-42A3-9474-1A3956D46DE8}") = "Solution Items", "Solution Items", "{E25F4425-2FF6-42DC-9C17-510DB7F5C9EA}"
	ProjectSection(SolutionItems) = preProject
		.editorconfig = .editorconfig
	EndProjectSection
EndProject
Global
	GlobalSection(SolutionConfigurationPlatforms) = preSolution
		1.7 x64|Any CPU = 1.7 x64|Any CPU
		1.7 x64|x64 = 1.7 x64|x64
		1.7 x64|x86 = 1.7 x64|x86
		Debug|Any CPU = Debug|Any CPU
		Debug|x64 = Debug|x64
		Debug|x86 = Debug|x86
		Release|Any CPU = Release|Any CPU
		Release|x64 = Release|x64
		Release|x86 = Release|x86
		Test|Any CPU = Test|Any CPU
		Test|x64 = Test|x64
		Test|x86 = Test|x86
		v.1.7.1|Any CPU = v.1.7.1|Any CPU
		v.1.7.1|x64 = v.1.7.1|x64
		v.1.7.1|x86 = v.1.7.1|x86
		v1.0.0.1|Any CPU = v1.0.0.1|Any CPU
		v1.0.0.1|x64 = v1.0.0.1|x64
		v1.0.0.1|x86 = v1.0.0.1|x86
		v1.0.0.2|Any CPU = v1.0.0.2|Any CPU
		v1.0.0.2|x64 = v1.0.0.2|x64
		v1.0.0.2|x86 = v1.0.0.2|x86
		v1.3|Any CPU = v1.3|Any CPU
		v1.3|x64 = v1.3|x64
		v1.3|x86 = v1.3|x86
		v1.4|Any CPU = v1.4|Any CPU
		v1.4|x64 = v1.4|x64
		v1.4|x86 = v1.4|x86
		v1.5.1|Any CPU = v1.5.1|Any CPU
		v1.5.1|x64 = v1.5.1|x64
		v1.5.1|x86 = v1.5.1|x86
		v1.5|Any CPU = v1.5|Any CPU
		v1.5|x64 = v1.5|x64
		v1.5|x86 = v1.5|x86
		v1.6|Any CPU = v1.6|Any CPU
		v1.6|x64 = v1.6|x64
		v1.6|x86 = v1.6|x86
		v1.7 x86|Any CPU = v1.7 x86|Any CPU
		v1.7 x86|x64 = v1.7 x86|x64
		v1.7 x86|x86 = v1.7 x86|x86
		v1.7|Any CPU = v1.7|Any CPU
		v1.7|x64 = v1.7|x64
		v1.7|x86 = v1.7|x86
		v1.9|Any CPU = v1.9|Any CPU
		v1.9|x64 = v1.9|x64
		v1.9|x86 = v1.9|x86
	EndGlobalSection
	GlobalSection(ProjectConfigurationPlatforms) = postSolution
		{ADD34C12-8E64-4E94-B443-6AB1459ED49A}.1.7 x64|Any CPU.ActiveCfg = 1.7 x64|Any CPU
		{ADD34C12-8E64-4E94-B443-6AB1459ED49A}.1.7 x64|Any CPU.Build.0 = 1.7 x64|Any CPU
		{ADD34C12-8E64-4E94-B443-6AB1459ED49A}.1.7 x64|x64.ActiveCfg = 1.7 x64|x64
		{ADD34C12-8E64-4E94-B443-6AB1459ED49A}.1.7 x64|x64.Build.0 = 1.7 x64|x64
		{ADD34C12-8E64-4E94-B443-6AB1459ED49A}.1.7 x64|x86.ActiveCfg = 1.7 x64|x86
		{ADD34C12-8E64-4E94-B443-6AB1459ED49A}.1.7 x64|x86.Build.0 = 1.7 x64|x86
		{ADD34C12-8E64-4E94-B443-6AB1459ED49A}.Debug|Any CPU.ActiveCfg = Debug|Any CPU
		{ADD34C12-8E64-4E94-B443-6AB1459ED49A}.Debug|Any CPU.Build.0 = Debug|Any CPU
		{ADD34C12-8E64-4E94-B443-6AB1459ED49A}.Debug|x64.ActiveCfg = Debug|x64
		{ADD34C12-8E64-4E94-B443-6AB1459ED49A}.Debug|x64.Build.0 = Debug|x64
		{ADD34C12-8E64-4E94-B443-6AB1459ED49A}.Debug|x86.ActiveCfg = Debug|x86
		{ADD34C12-8E64-4E94-B443-6AB1459ED49A}.Debug|x86.Build.0 = Debug|x86
		{ADD34C12-8E64-4E94-B443-6AB1459ED49A}.Release|Any CPU.ActiveCfg = Release|Any CPU
		{ADD34C12-8E64-4E94-B443-6AB1459ED49A}.Release|Any CPU.Build.0 = Release|Any CPU
		{ADD34C12-8E64-4E94-B443-6AB1459ED49A}.Release|x64.ActiveCfg = Release|x64
		{ADD34C12-8E64-4E94-B443-6AB1459ED49A}.Release|x64.Build.0 = Release|x64
		{ADD34C12-8E64-4E94-B443-6AB1459ED49A}.Release|x86.ActiveCfg = Release|x86
		{ADD34C12-8E64-4E94-B443-6AB1459ED49A}.Release|x86.Build.0 = Release|x86
		{ADD34C12-8E64-4E94-B443-6AB1459ED49A}.Test|Any CPU.ActiveCfg = Test|Any CPU
		{ADD34C12-8E64-4E94-B443-6AB1459ED49A}.Test|Any CPU.Build.0 = Test|Any CPU
		{ADD34C12-8E64-4E94-B443-6AB1459ED49A}.Test|x64.ActiveCfg = Test|x64
		{ADD34C12-8E64-4E94-B443-6AB1459ED49A}.Test|x64.Build.0 = Test|x64
		{ADD34C12-8E64-4E94-B443-6AB1459ED49A}.Test|x86.ActiveCfg = Test|x86
		{ADD34C12-8E64-4E94-B443-6AB1459ED49A}.Test|x86.Build.0 = Test|x86
		{ADD34C12-8E64-4E94-B443-6AB1459ED49A}.v.1.7.1|Any CPU.ActiveCfg = v.1.7.1|Any CPU
		{ADD34C12-8E64-4E94-B443-6AB1459ED49A}.v.1.7.1|Any CPU.Build.0 = v.1.7.1|Any CPU
		{ADD34C12-8E64-4E94-B443-6AB1459ED49A}.v.1.7.1|x64.ActiveCfg = v.1.7.1|x64
		{ADD34C12-8E64-4E94-B443-6AB1459ED49A}.v.1.7.1|x64.Build.0 = v.1.7.1|x64
		{ADD34C12-8E64-4E94-B443-6AB1459ED49A}.v.1.7.1|x86.ActiveCfg = v.1.7.1|x86
		{ADD34C12-8E64-4E94-B443-6AB1459ED49A}.v.1.7.1|x86.Build.0 = v.1.7.1|x86
		{ADD34C12-8E64-4E94-B443-6AB1459ED49A}.v1.0.0.1|Any CPU.ActiveCfg = v1.0.0.1|Any CPU
		{ADD34C12-8E64-4E94-B443-6AB1459ED49A}.v1.0.0.1|Any CPU.Build.0 = v1.0.0.1|Any CPU
		{ADD34C12-8E64-4E94-B443-6AB1459ED49A}.v1.0.0.1|x64.ActiveCfg = v1.0.0.1|x64
		{ADD34C12-8E64-4E94-B443-6AB1459ED49A}.v1.0.0.1|x64.Build.0 = v1.0.0.1|x64
		{ADD34C12-8E64-4E94-B443-6AB1459ED49A}.v1.0.0.1|x86.ActiveCfg = v1.0.0.1|x86
		{ADD34C12-8E64-4E94-B443-6AB1459ED49A}.v1.0.0.1|x86.Build.0 = v1.0.0.1|x86
		{ADD34C12-8E64-4E94-B443-6AB1459ED49A}.v1.0.0.2|Any CPU.ActiveCfg = v1.0.0.2|Any CPU
		{ADD34C12-8E64-4E94-B443-6AB1459ED49A}.v1.0.0.2|Any CPU.Build.0 = v1.0.0.2|Any CPU
		{ADD34C12-8E64-4E94-B443-6AB1459ED49A}.v1.0.0.2|x64.ActiveCfg = v1.0.0.2|x64
		{ADD34C12-8E64-4E94-B443-6AB1459ED49A}.v1.0.0.2|x64.Build.0 = v1.0.0.2|x64
		{ADD34C12-8E64-4E94-B443-6AB1459ED49A}.v1.0.0.2|x86.ActiveCfg = v1.0.0.2|x86
		{ADD34C12-8E64-4E94-B443-6AB1459ED49A}.v1.0.0.2|x86.Build.0 = v1.0.0.2|x86
		{ADD34C12-8E64-4E94-B443-6AB1459ED49A}.v1.3|Any CPU.ActiveCfg = v1.3|Any CPU
		{ADD34C12-8E64-4E94-B443-6AB1459ED49A}.v1.3|Any CPU.Build.0 = v1.3|Any CPU
		{ADD34C12-8E64-4E94-B443-6AB1459ED49A}.v1.3|x64.ActiveCfg = v1.3|x64
		{ADD34C12-8E64-4E94-B443-6AB1459ED49A}.v1.3|x64.Build.0 = v1.3|x64
		{ADD34C12-8E64-4E94-B443-6AB1459ED49A}.v1.3|x86.ActiveCfg = v1.3|x86
		{ADD34C12-8E64-4E94-B443-6AB1459ED49A}.v1.3|x86.Build.0 = v1.3|x86
		{ADD34C12-8E64-4E94-B443-6AB1459ED49A}.v1.4|Any CPU.ActiveCfg = v1.4|Any CPU
		{ADD34C12-8E64-4E94-B443-6AB1459ED49A}.v1.4|Any CPU.Build.0 = v1.4|Any CPU
		{ADD34C12-8E64-4E94-B443-6AB1459ED49A}.v1.4|x64.ActiveCfg = v1.4|x64
		{ADD34C12-8E64-4E94-B443-6AB1459ED49A}.v1.4|x64.Build.0 = v1.4|x64
		{ADD34C12-8E64-4E94-B443-6AB1459ED49A}.v1.4|x86.ActiveCfg = v1.4|x86
		{ADD34C12-8E64-4E94-B443-6AB1459ED49A}.v1.4|x86.Build.0 = v1.4|x86
		{ADD34C12-8E64-4E94-B443-6AB1459ED49A}.v1.5.1|Any CPU.ActiveCfg = v1.5.1|Any CPU
		{ADD34C12-8E64-4E94-B443-6AB1459ED49A}.v1.5.1|Any CPU.Build.0 = v1.5.1|Any CPU
		{ADD34C12-8E64-4E94-B443-6AB1459ED49A}.v1.5.1|x64.ActiveCfg = v1.5.1|x64
		{ADD34C12-8E64-4E94-B443-6AB1459ED49A}.v1.5.1|x64.Build.0 = v1.5.1|x64
		{ADD34C12-8E64-4E94-B443-6AB1459ED49A}.v1.5.1|x86.ActiveCfg = v1.5.1|x86
		{ADD34C12-8E64-4E94-B443-6AB1459ED49A}.v1.5.1|x86.Build.0 = v1.5.1|x86
		{ADD34C12-8E64-4E94-B443-6AB1459ED49A}.v1.5|Any CPU.ActiveCfg = v1.5|Any CPU
		{ADD34C12-8E64-4E94-B443-6AB1459ED49A}.v1.5|Any CPU.Build.0 = v1.5|Any CPU
		{ADD34C12-8E64-4E94-B443-6AB1459ED49A}.v1.5|x64.ActiveCfg = v1.5|x64
		{ADD34C12-8E64-4E94-B443-6AB1459ED49A}.v1.5|x64.Build.0 = v1.5|x64
		{ADD34C12-8E64-4E94-B443-6AB1459ED49A}.v1.5|x86.ActiveCfg = v1.5|x86
		{ADD34C12-8E64-4E94-B443-6AB1459ED49A}.v1.5|x86.Build.0 = v1.5|x86
		{ADD34C12-8E64-4E94-B443-6AB1459ED49A}.v1.6|Any CPU.ActiveCfg = v1.6|Any CPU
		{ADD34C12-8E64-4E94-B443-6AB1459ED49A}.v1.6|Any CPU.Build.0 = v1.6|Any CPU
		{ADD34C12-8E64-4E94-B443-6AB1459ED49A}.v1.6|x64.ActiveCfg = v1.6|x64
		{ADD34C12-8E64-4E94-B443-6AB1459ED49A}.v1.6|x64.Build.0 = v1.6|x64
		{ADD34C12-8E64-4E94-B443-6AB1459ED49A}.v1.6|x86.ActiveCfg = v1.6|x86
		{ADD34C12-8E64-4E94-B443-6AB1459ED49A}.v1.6|x86.Build.0 = v1.6|x86
		{ADD34C12-8E64-4E94-B443-6AB1459ED49A}.v1.7 x86|Any CPU.ActiveCfg = v1.7 x86|Any CPU
		{ADD34C12-8E64-4E94-B443-6AB1459ED49A}.v1.7 x86|Any CPU.Build.0 = v1.7 x86|Any CPU
		{ADD34C12-8E64-4E94-B443-6AB1459ED49A}.v1.7 x86|x64.ActiveCfg = v1.7 x86|x64
		{ADD34C12-8E64-4E94-B443-6AB1459ED49A}.v1.7 x86|x64.Build.0 = v1.7 x86|x64
		{ADD34C12-8E64-4E94-B443-6AB1459ED49A}.v1.7 x86|x86.ActiveCfg = v1.7 x86|x86
		{ADD34C12-8E64-4E94-B443-6AB1459ED49A}.v1.7 x86|x86.Build.0 = v1.7 x86|x86
		{ADD34C12-8E64-4E94-B443-6AB1459ED49A}.v1.7|Any CPU.ActiveCfg = v1.7|Any CPU
		{ADD34C12-8E64-4E94-B443-6AB1459ED49A}.v1.7|Any CPU.Build.0 = v1.7|Any CPU
		{ADD34C12-8E64-4E94-B443-6AB1459ED49A}.v1.7|x64.ActiveCfg = v1.7|x64
		{ADD34C12-8E64-4E94-B443-6AB1459ED49A}.v1.7|x64.Build.0 = v1.7|x64
		{ADD34C12-8E64-4E94-B443-6AB1459ED49A}.v1.7|x86.ActiveCfg = v1.7|x86
		{ADD34C12-8E64-4E94-B443-6AB1459ED49A}.v1.7|x86.Build.0 = v1.7|x86
		{ADD34C12-8E64-4E94-B443-6AB1459ED49A}.v1.9|Any CPU.ActiveCfg = v1.9|Any CPU
		{ADD34C12-8E64-4E94-B443-6AB1459ED49A}.v1.9|Any CPU.Build.0 = v1.9|Any CPU
		{ADD34C12-8E64-4E94-B443-6AB1459ED49A}.v1.9|x64.ActiveCfg = v1.9|x64
		{ADD34C12-8E64-4E94-B443-6AB1459ED49A}.v1.9|x64.Build.0 = v1.9|x64
		{ADD34C12-8E64-4E94-B443-6AB1459ED49A}.v1.9|x86.ActiveCfg = v1.9|x86
		{ADD34C12-8E64-4E94-B443-6AB1459ED49A}.v1.9|x86.Build.0 = v1.9|x86
	EndGlobalSection
	GlobalSection(SolutionProperties) = preSolution
		HideSolutionNode = FALSE
	EndGlobalSection
	GlobalSection(ExtensibilityGlobals) = postSolution
		SolutionGuid = {894FB9E9-51FC-453D-B769-072FB5E11FBE}
	EndGlobalSection
EndGlobal
